// !$*UTF8*$!
{
	archiveVersion = 1;
	classes = {
	};
	objectVersion = 46;
	objects = {

/* Begin PBXBuildFile section */
		D53CEF7B191175CD00974568 /* Foundation.framework in Frameworks */ = {isa = PBXBuildFile; fileRef = D53CEF7A191175CD00974568 /* Foundation.framework */; };
		D53CEF7D191175CD00974568 /* CoreGraphics.framework in Frameworks */ = {isa = PBXBuildFile; fileRef = D53CEF7C191175CD00974568 /* CoreGraphics.framework */; };
		D53CEF7F191175CD00974568 /* UIKit.framework in Frameworks */ = {isa = PBXBuildFile; fileRef = D53CEF7E191175CD00974568 /* UIKit.framework */; };
		D53CEF85191175CE00974568 /* InfoPlist.strings in Resources */ = {isa = PBXBuildFile; fileRef = D53CEF83191175CE00974568 /* InfoPlist.strings */; };
		D53CEF87191175CE00974568 /* main.m in Sources */ = {isa = PBXBuildFile; fileRef = D53CEF86191175CE00974568 /* main.m */; };
		D53CEF8B191175CE00974568 /* AppDelegate.m in Sources */ = {isa = PBXBuildFile; fileRef = D53CEF8A191175CE00974568 /* AppDelegate.m */; };
		D53CEF8E191175CE00974568 /* Main.storyboard in Resources */ = {isa = PBXBuildFile; fileRef = D53CEF8C191175CE00974568 /* Main.storyboard */; };
		D53CEF91191175CE00974568 /* ViewController.m in Sources */ = {isa = PBXBuildFile; fileRef = D53CEF90191175CE00974568 /* ViewController.m */; };
		D53CEF93191175CE00974568 /* Images.xcassets in Resources */ = {isa = PBXBuildFile; fileRef = D53CEF92191175CE00974568 /* Images.xcassets */; };
		D53CEF9A191175CE00974568 /* XCTest.framework in Frameworks */ = {isa = PBXBuildFile; fileRef = D53CEF99191175CE00974568 /* XCTest.framework */; };
		D53CEF9B191175CE00974568 /* Foundation.framework in Frameworks */ = {isa = PBXBuildFile; fileRef = D53CEF7A191175CD00974568 /* Foundation.framework */; };
		D53CEF9C191175CE00974568 /* UIKit.framework in Frameworks */ = {isa = PBXBuildFile; fileRef = D53CEF7E191175CD00974568 /* UIKit.framework */; };
		D53CEFA4191175CE00974568 /* InfoPlist.strings in Resources */ = {isa = PBXBuildFile; fileRef = D53CEFA2191175CE00974568 /* InfoPlist.strings */; };
		D53CEFA6191175CE00974568 /* HomePageExampleTests.m in Sources */ = {isa = PBXBuildFile; fileRef = D53CEFA5191175CE00974568 /* HomePageExampleTests.m */; };
		D5AC630A192EAA810074CE80 /* knightHead.jpg in Resources */ = {isa = PBXBuildFile; fileRef = D5AC6309192EAA810074CE80 /* knightHead.jpg */; };
		D5AC630D192EAB3D0074CE80 /* TeamViewController.m in Sources */ = {isa = PBXBuildFile; fileRef = D5AC630C192EAB3D0074CE80 /* TeamViewController.m */; };
		D5AE4DA71932D9A800128ADC /* StoryListView.m in Sources */ = {isa = PBXBuildFile; fileRef = D5AE4DA61932D9A800128ADC /* StoryListView.m */; };
		D5AE4DAA1932E78500128ADC /* ListViewController.m in Sources */ = {isa = PBXBuildFile; fileRef = D5AE4DA91932E78500128ADC /* ListViewController.m */; };
		D5E2EF5819209A1A00546E9B /* CJ_Dale_Shot_Put.jpg in Resources */ = {isa = PBXBuildFile; fileRef = D5E2EF5719209A1900546E9B /* CJ_Dale_Shot_Put.jpg */; };
		D5EC041A192D191100D036CB /* XMLParser.m in Sources */ = {isa = PBXBuildFile; fileRef = D5EC0419192D191100D036CB /* XMLParser.m */; };
		D5EC041D192D194200D036CB /* Story.m in Sources */ = {isa = PBXBuildFile; fileRef = D5EC041C192D194200D036CB /* Story.m */; };
		E8B62E5F19205B8F00E9D70D /* ScheduleViewController.m in Sources */ = {isa = PBXBuildFile; fileRef = E8B62E5E19205B8F00E9D70D /* ScheduleViewController.m */; };
/* End PBXBuildFile section */

/* Begin PBXContainerItemProxy section */
		D53CEF9D191175CE00974568 /* PBXContainerItemProxy */ = {
			isa = PBXContainerItemProxy;
			containerPortal = D53CEF6F191175CD00974568 /* Project object */;
			proxyType = 1;
			remoteGlobalIDString = D53CEF76191175CD00974568;
			remoteInfo = HomePageExample;
		};
/* End PBXContainerItemProxy section */

/* Begin PBXFileReference section */
		D53CEF77191175CD00974568 /* KnightTime.app */ = {isa = PBXFileReference; explicitFileType = wrapper.application; includeInIndex = 0; path = KnightTime.app; sourceTree = BUILT_PRODUCTS_DIR; };
		D53CEF7A191175CD00974568 /* Foundation.framework */ = {isa = PBXFileReference; lastKnownFileType = wrapper.framework; name = Foundation.framework; path = System/Library/Frameworks/Foundation.framework; sourceTree = SDKROOT; };
		D53CEF7C191175CD00974568 /* CoreGraphics.framework */ = {isa = PBXFileReference; lastKnownFileType = wrapper.framework; name = CoreGraphics.framework; path = System/Library/Frameworks/CoreGraphics.framework; sourceTree = SDKROOT; };
		D53CEF7E191175CD00974568 /* UIKit.framework */ = {isa = PBXFileReference; lastKnownFileType = wrapper.framework; name = UIKit.framework; path = System/Library/Frameworks/UIKit.framework; sourceTree = SDKROOT; };
		D53CEF82191175CE00974568 /* KnightTime-Info.plist */ = {isa = PBXFileReference; lastKnownFileType = text.plist.xml; path = "KnightTime-Info.plist"; sourceTree = "<group>"; };
		D53CEF84191175CE00974568 /* en */ = {isa = PBXFileReference; lastKnownFileType = text.plist.strings; name = en; path = en.lproj/InfoPlist.strings; sourceTree = "<group>"; };
		D53CEF86191175CE00974568 /* main.m */ = {isa = PBXFileReference; lastKnownFileType = sourcecode.c.objc; path = main.m; sourceTree = "<group>"; };
		D53CEF88191175CE00974568 /* KnightTime-Prefix.pch */ = {isa = PBXFileReference; lastKnownFileType = sourcecode.c.h; path = "KnightTime-Prefix.pch"; sourceTree = "<group>"; };
		D53CEF89191175CE00974568 /* AppDelegate.h */ = {isa = PBXFileReference; lastKnownFileType = sourcecode.c.h; path = AppDelegate.h; sourceTree = "<group>"; };
		D53CEF8A191175CE00974568 /* AppDelegate.m */ = {isa = PBXFileReference; lastKnownFileType = sourcecode.c.objc; path = AppDelegate.m; sourceTree = "<group>"; };
		D53CEF8D191175CE00974568 /* Base */ = {isa = PBXFileReference; lastKnownFileType = file.storyboard; name = Base; path = Base.lproj/Main.storyboard; sourceTree = "<group>"; };
		D53CEF8F191175CE00974568 /* ViewController.h */ = {isa = PBXFileReference; lastKnownFileType = sourcecode.c.h; path = ViewController.h; sourceTree = "<group>"; };
		D53CEF90191175CE00974568 /* ViewController.m */ = {isa = PBXFileReference; lastKnownFileType = sourcecode.c.objc; path = ViewController.m; sourceTree = "<group>"; };
		D53CEF92191175CE00974568 /* Images.xcassets */ = {isa = PBXFileReference; lastKnownFileType = folder.assetcatalog; path = Images.xcassets; sourceTree = "<group>"; };
		D53CEF98191175CE00974568 /* KnightTimeTests.xctest */ = {isa = PBXFileReference; explicitFileType = wrapper.cfbundle; includeInIndex = 0; path = KnightTimeTests.xctest; sourceTree = BUILT_PRODUCTS_DIR; };
		D53CEF99191175CE00974568 /* XCTest.framework */ = {isa = PBXFileReference; lastKnownFileType = wrapper.framework; name = XCTest.framework; path = Library/Frameworks/XCTest.framework; sourceTree = DEVELOPER_DIR; };
		D53CEFA1191175CE00974568 /* KnightTimeTests-Info.plist */ = {isa = PBXFileReference; lastKnownFileType = text.plist.xml; path = "KnightTimeTests-Info.plist"; sourceTree = "<group>"; };
		D53CEFA3191175CE00974568 /* en */ = {isa = PBXFileReference; lastKnownFileType = text.plist.strings; name = en; path = en.lproj/InfoPlist.strings; sourceTree = "<group>"; };
		D53CEFA5191175CE00974568 /* HomePageExampleTests.m */ = {isa = PBXFileReference; lastKnownFileType = sourcecode.c.objc; path = HomePageExampleTests.m; sourceTree = "<group>"; };
		D5AC6309192EAA810074CE80 /* knightHead.jpg */ = {isa = PBXFileReference; lastKnownFileType = image.jpeg; path = knightHead.jpg; sourceTree = "<group>"; };
		D5AC630B192EAB3D0074CE80 /* TeamViewController.h */ = {isa = PBXFileReference; fileEncoding = 4; lastKnownFileType = sourcecode.c.h; path = TeamViewController.h; sourceTree = "<group>"; };
		D5AC630C192EAB3D0074CE80 /* TeamViewController.m */ = {isa = PBXFileReference; fileEncoding = 4; lastKnownFileType = sourcecode.c.objc; path = TeamViewController.m; sourceTree = "<group>"; };
		D5AE4DA51932D9A800128ADC /* StoryListView.h */ = {isa = PBXFileReference; fileEncoding = 4; lastKnownFileType = sourcecode.c.h; path = StoryListView.h; sourceTree = "<group>"; };
		D5AE4DA61932D9A800128ADC /* StoryListView.m */ = {isa = PBXFileReference; fileEncoding = 4; lastKnownFileType = sourcecode.c.objc; path = StoryListView.m; sourceTree = "<group>"; };
		D5AE4DA81932E78500128ADC /* ListViewController.h */ = {isa = PBXFileReference; fileEncoding = 4; lastKnownFileType = sourcecode.c.h; path = ListViewController.h; sourceTree = "<group>"; };
		D5AE4DA91932E78500128ADC /* ListViewController.m */ = {isa = PBXFileReference; fileEncoding = 4; lastKnownFileType = sourcecode.c.objc; path = ListViewController.m; sourceTree = "<group>"; };
		D5E2EF5719209A1900546E9B /* CJ_Dale_Shot_Put.jpg */ = {isa = PBXFileReference; lastKnownFileType = image.jpeg; name = CJ_Dale_Shot_Put.jpg; path = Images.xcassets/CJ_Dale_Shot_Put.jpg; sourceTree = "<group>"; };
		D5EC0418192D191100D036CB /* XMLParser.h */ = {isa = PBXFileReference; fileEncoding = 4; lastKnownFileType = sourcecode.c.h; path = XMLParser.h; sourceTree = "<group>"; };
		D5EC0419192D191100D036CB /* XMLParser.m */ = {isa = PBXFileReference; fileEncoding = 4; lastKnownFileType = sourcecode.c.objc; path = XMLParser.m; sourceTree = "<group>"; };
		D5EC041B192D194200D036CB /* Story.h */ = {isa = PBXFileReference; fileEncoding = 4; lastKnownFileType = sourcecode.c.h; path = Story.h; sourceTree = "<group>"; };
		D5EC041C192D194200D036CB /* Story.m */ = {isa = PBXFileReference; fileEncoding = 4; lastKnownFileType = sourcecode.c.objc; path = Story.m; sourceTree = "<group>"; };
		E8B62E5D1920592400E9D70D /* ScheduleViewController.h */ = {isa = PBXFileReference; lastKnownFileType = sourcecode.c.h; path = ScheduleViewController.h; sourceTree = "<group>"; };
		E8B62E5E19205B8F00E9D70D /* ScheduleViewController.m */ = {isa = PBXFileReference; fileEncoding = 4; lastKnownFileType = sourcecode.c.objc; path = ScheduleViewController.m; sourceTree = "<group>"; };
/* End PBXFileReference section */

/* Begin PBXFrameworksBuildPhase section */
		D53CEF74191175CD00974568 /* Frameworks */ = {
			isa = PBXFrameworksBuildPhase;
			buildActionMask = 2147483647;
			files = (
				D53CEF7D191175CD00974568 /* CoreGraphics.framework in Frameworks */,
				D53CEF7F191175CD00974568 /* UIKit.framework in Frameworks */,
				D53CEF7B191175CD00974568 /* Foundation.framework in Frameworks */,
			);
			runOnlyForDeploymentPostprocessing = 0;
		};
		D53CEF95191175CE00974568 /* Frameworks */ = {
			isa = PBXFrameworksBuildPhase;
			buildActionMask = 2147483647;
			files = (
				D53CEF9A191175CE00974568 /* XCTest.framework in Frameworks */,
				D53CEF9C191175CE00974568 /* UIKit.framework in Frameworks */,
				D53CEF9B191175CE00974568 /* Foundation.framework in Frameworks */,
			);
			runOnlyForDeploymentPostprocessing = 0;
		};
/* End PBXFrameworksBuildPhase section */

/* Begin PBXGroup section */
		D53CEF6E191175CD00974568 = {
			isa = PBXGroup;
			children = (
				D53CEF80191175CE00974568 /* KnightTime */,
				D53CEF9F191175CE00974568 /* KnightTimeTests */,
				D53CEF79191175CD00974568 /* Frameworks */,
				D53CEF78191175CD00974568 /* Products */,
			);
			sourceTree = "<group>";
		};
		D53CEF78191175CD00974568 /* Products */ = {
			isa = PBXGroup;
			children = (
				D53CEF77191175CD00974568 /* KnightTime.app */,
				D53CEF98191175CE00974568 /* KnightTimeTests.xctest */,
			);
			name = Products;
			sourceTree = "<group>";
		};
		D53CEF79191175CD00974568 /* Frameworks */ = {
			isa = PBXGroup;
			children = (
				D53CEF7A191175CD00974568 /* Foundation.framework */,
				D53CEF7C191175CD00974568 /* CoreGraphics.framework */,
				D53CEF7E191175CD00974568 /* UIKit.framework */,
				D53CEF99191175CE00974568 /* XCTest.framework */,
			);
			name = Frameworks;
			sourceTree = "<group>";
		};
		D53CEF80191175CE00974568 /* KnightTime */ = {
			isa = PBXGroup;
			children = (
				D5AC6309192EAA810074CE80 /* knightHead.jpg */,
				D5E2EF5719209A1900546E9B /* CJ_Dale_Shot_Put.jpg */,
				D53CEF89191175CE00974568 /* AppDelegate.h */,
				D53CEF8A191175CE00974568 /* AppDelegate.m */,
				D53CEF8C191175CE00974568 /* Main.storyboard */,
				E8B62E5D1920592400E9D70D /* ScheduleViewController.h */,
				E8B62E5E19205B8F00E9D70D /* ScheduleViewController.m */,
				D53CEF8F191175CE00974568 /* ViewController.h */,
				D53CEF90191175CE00974568 /* ViewController.m */,
				D53CEF92191175CE00974568 /* Images.xcassets */,
				D53CEF81191175CE00974568 /* Supporting Files */,
				D5EC0418192D191100D036CB /* XMLParser.h */,
				D5EC0419192D191100D036CB /* XMLParser.m */,
				D5EC041B192D194200D036CB /* Story.h */,
				D5EC041C192D194200D036CB /* Story.m */,
				D5AC630B192EAB3D0074CE80 /* TeamViewController.h */,
				D5AC630C192EAB3D0074CE80 /* TeamViewController.m */,
				D5AE4DA51932D9A800128ADC /* StoryListView.h */,
				D5AE4DA61932D9A800128ADC /* StoryListView.m */,
				D5AE4DA81932E78500128ADC /* ListViewController.h */,
				D5AE4DA91932E78500128ADC /* ListViewController.m */,
			);
			name = KnightTime;
			path = HomePageExample;
			sourceTree = "<group>";
		};
		D53CEF81191175CE00974568 /* Supporting Files */ = {
			isa = PBXGroup;
			children = (
				D53CEF82191175CE00974568 /* KnightTime-Info.plist */,
				D53CEF83191175CE00974568 /* InfoPlist.strings */,
				D53CEF86191175CE00974568 /* main.m */,
				D53CEF88191175CE00974568 /* KnightTime-Prefix.pch */,
			);
			name = "Supporting Files";
			sourceTree = "<group>";
		};
		D53CEF9F191175CE00974568 /* KnightTimeTests */ = {
			isa = PBXGroup;
			children = (
				D53CEFA5191175CE00974568 /* HomePageExampleTests.m */,
				D53CEFA0191175CE00974568 /* Supporting Files */,
			);
			name = KnightTimeTests;
			path = HomePageExampleTests;
			sourceTree = "<group>";
		};
		D53CEFA0191175CE00974568 /* Supporting Files */ = {
			isa = PBXGroup;
			children = (
				D53CEFA1191175CE00974568 /* KnightTimeTests-Info.plist */,
				D53CEFA2191175CE00974568 /* InfoPlist.strings */,
			);
			name = "Supporting Files";
			sourceTree = "<group>";
		};
/* End PBXGroup section */

/* Begin PBXNativeTarget section */
		D53CEF76191175CD00974568 /* KnightTime */ = {
			isa = PBXNativeTarget;
			buildConfigurationList = D53CEFA9191175CE00974568 /* Build configuration list for PBXNativeTarget "KnightTime" */;
			buildPhases = (
				D53CEF73191175CD00974568 /* Sources */,
				D53CEF74191175CD00974568 /* Frameworks */,
				D53CEF75191175CD00974568 /* Resources */,
			);
			buildRules = (
			);
			dependencies = (
			);
			name = KnightTime;
			productName = HomePageExample;
			productReference = D53CEF77191175CD00974568 /* KnightTime.app */;
			productType = "com.apple.product-type.application";
		};
		D53CEF97191175CE00974568 /* KnightTimeTests */ = {
			isa = PBXNativeTarget;
			buildConfigurationList = D53CEFAC191175CE00974568 /* Build configuration list for PBXNativeTarget "KnightTimeTests" */;
			buildPhases = (
				D53CEF94191175CE00974568 /* Sources */,
				D53CEF95191175CE00974568 /* Frameworks */,
				D53CEF96191175CE00974568 /* Resources */,
			);
			buildRules = (
			);
			dependencies = (
				D53CEF9E191175CE00974568 /* PBXTargetDependency */,
			);
			name = KnightTimeTests;
			productName = HomePageExampleTests;
			productReference = D53CEF98191175CE00974568 /* KnightTimeTests.xctest */;
			productType = "com.apple.product-type.bundle.unit-test";
		};
/* End PBXNativeTarget section */

/* Begin PBXProject section */
		D53CEF6F191175CD00974568 /* Project object */ = {
			isa = PBXProject;
			attributes = {
				LastUpgradeCheck = 0510;
				ORGANIZATIONNAME = 4students2apps;
				TargetAttributes = {
					D53CEF97191175CE00974568 = {
						TestTargetID = D53CEF76191175CD00974568;
					};
				};
			};
			buildConfigurationList = D53CEF72191175CD00974568 /* Build configuration list for PBXProject "KnightTime" */;
			compatibilityVersion = "Xcode 3.2";
			developmentRegion = English;
			hasScannedForEncodings = 0;
			knownRegions = (
				en,
				Base,
			);
			mainGroup = D53CEF6E191175CD00974568;
			productRefGroup = D53CEF78191175CD00974568 /* Products */;
			projectDirPath = "";
			projectRoot = "";
			targets = (
				D53CEF76191175CD00974568 /* KnightTime */,
				D53CEF97191175CE00974568 /* KnightTimeTests */,
			);
		};
/* End PBXProject section */

/* Begin PBXResourcesBuildPhase section */
		D53CEF75191175CD00974568 /* Resources */ = {
			isa = PBXResourcesBuildPhase;
			buildActionMask = 2147483647;
			files = (
				D5AC630A192EAA810074CE80 /* knightHead.jpg in Resources */,
				D53CEF93191175CE00974568 /* Images.xcassets in Resources */,
				D53CEF85191175CE00974568 /* InfoPlist.strings in Resources */,
				D5E2EF5819209A1A00546E9B /* CJ_Dale_Shot_Put.jpg in Resources */,
				D53CEF8E191175CE00974568 /* Main.storyboard in Resources */,
			);
			runOnlyForDeploymentPostprocessing = 0;
		};
		D53CEF96191175CE00974568 /* Resources */ = {
			isa = PBXResourcesBuildPhase;
			buildActionMask = 2147483647;
			files = (
				D53CEFA4191175CE00974568 /* InfoPlist.strings in Resources */,
			);
			runOnlyForDeploymentPostprocessing = 0;
		};
/* End PBXResourcesBuildPhase section */

/* Begin PBXSourcesBuildPhase section */
		D53CEF73191175CD00974568 /* Sources */ = {
			isa = PBXSourcesBuildPhase;
			buildActionMask = 2147483647;
			files = (
				D5AC630D192EAB3D0074CE80 /* TeamViewController.m in Sources */,
				D53CEF91191175CE00974568 /* ViewController.m in Sources */,
				D5AE4DAA1932E78500128ADC /* ListViewController.m in Sources */,
				D5AE4DA71932D9A800128ADC /* StoryListView.m in Sources */,
				D53CEF8B191175CE00974568 /* AppDelegate.m in Sources */,
				D53CEF87191175CE00974568 /* main.m in Sources */,
				D5EC041D192D194200D036CB /* Story.m in Sources */,
				D5EC041A192D191100D036CB /* XMLParser.m in Sources */,
				E8B62E5F19205B8F00E9D70D /* ScheduleViewController.m in Sources */,
			);
			runOnlyForDeploymentPostprocessing = 0;
		};
		D53CEF94191175CE00974568 /* Sources */ = {
			isa = PBXSourcesBuildPhase;
			buildActionMask = 2147483647;
			files = (
				D53CEFA6191175CE00974568 /* HomePageExampleTests.m in Sources */,
			);
			runOnlyForDeploymentPostprocessing = 0;
		};
/* End PBXSourcesBuildPhase section */

/* Begin PBXTargetDependency section */
		D53CEF9E191175CE00974568 /* PBXTargetDependency */ = {
			isa = PBXTargetDependency;
			target = D53CEF76191175CD00974568 /* KnightTime */;
			targetProxy = D53CEF9D191175CE00974568 /* PBXContainerItemProxy */;
		};
/* End PBXTargetDependency section */

/* Begin PBXVariantGroup section */
		D53CEF83191175CE00974568 /* InfoPlist.strings */ = {
			isa = PBXVariantGroup;
			children = (
				D53CEF84191175CE00974568 /* en */,
			);
			name = InfoPlist.strings;
			sourceTree = "<group>";
		};
		D53CEF8C191175CE00974568 /* Main.storyboard */ = {
			isa = PBXVariantGroup;
			children = (
				D53CEF8D191175CE00974568 /* Base */,
			);
			name = Main.storyboard;
			sourceTree = "<group>";
		};
		D53CEFA2191175CE00974568 /* InfoPlist.strings */ = {
			isa = PBXVariantGroup;
			children = (
				D53CEFA3191175CE00974568 /* en */,
			);
			name = InfoPlist.strings;
			sourceTree = "<group>";
		};
/* End PBXVariantGroup section */

/* Begin XCBuildConfiguration section */
		D53CEFA7191175CE00974568 /* Debug */ = {
			isa = XCBuildConfiguration;
			buildSettings = {
				ALWAYS_SEARCH_USER_PATHS = NO;
				CLANG_CXX_LANGUAGE_STANDARD = "gnu++0x";
				CLANG_CXX_LIBRARY = "libc++";
				CLANG_ENABLE_MODULES = YES;
				CLANG_ENABLE_OBJC_ARC = YES;
				CLANG_WARN_BOOL_CONVERSION = YES;
				CLANG_WARN_CONSTANT_CONVERSION = YES;
				CLANG_WARN_DIRECT_OBJC_ISA_USAGE = YES_ERROR;
				CLANG_WARN_EMPTY_BODY = YES;
				CLANG_WARN_ENUM_CONVERSION = YES;
				CLANG_WARN_INT_CONVERSION = YES;
				CLANG_WARN_OBJC_ROOT_CLASS = YES_ERROR;
				CLANG_WARN__DUPLICATE_METHOD_MATCH = YES;
				"CODE_SIGN_IDENTITY[sdk=iphoneos*]" = "iPhone Developer";
				COPY_PHASE_STRIP = NO;
				GCC_C_LANGUAGE_STANDARD = gnu99;
				GCC_DYNAMIC_NO_PIC = NO;
				GCC_OPTIMIZATION_LEVEL = 0;
				GCC_PREPROCESSOR_DEFINITIONS = (
					"DEBUG=1",
					"$(inherited)",
				);
				GCC_SYMBOLS_PRIVATE_EXTERN = NO;
				GCC_WARN_64_TO_32_BIT_CONVERSION = YES;
				GCC_WARN_ABOUT_RETURN_TYPE = YES_ERROR;
				GCC_WARN_UNDECLARED_SELECTOR = YES;
				GCC_WARN_UNINITIALIZED_AUTOS = YES_AGGRESSIVE;
				GCC_WARN_UNUSED_FUNCTION = YES;
				GCC_WARN_UNUSED_VARIABLE = YES;
				IPHONEOS_DEPLOYMENT_TARGET = 7.1;
				ONLY_ACTIVE_ARCH = YES;
				SDKROOT = iphoneos;
			};
			name = Debug;
		};
		D53CEFA8191175CE00974568 /* Release */ = {
			isa = XCBuildConfiguration;
			buildSettings = {
				ALWAYS_SEARCH_USER_PATHS = NO;
				CLANG_CXX_LANGUAGE_STANDARD = "gnu++0x";
				CLANG_CXX_LIBRARY = "libc++";
				CLANG_ENABLE_MODULES = YES;
				CLANG_ENABLE_OBJC_ARC = YES;
				CLANG_WARN_BOOL_CONVERSION = YES;
				CLANG_WARN_CONSTANT_CONVERSION = YES;
				CLANG_WARN_DIRECT_OBJC_ISA_USAGE = YES_ERROR;
				CLANG_WARN_EMPTY_BODY = YES;
				CLANG_WARN_ENUM_CONVERSION = YES;
				CLANG_WARN_INT_CONVERSION = YES;
				CLANG_WARN_OBJC_ROOT_CLASS = YES_ERROR;
				CLANG_WARN__DUPLICATE_METHOD_MATCH = YES;
				"CODE_SIGN_IDENTITY[sdk=iphoneos*]" = "iPhone Developer";
				COPY_PHASE_STRIP = YES;
				ENABLE_NS_ASSERTIONS = NO;
				GCC_C_LANGUAGE_STANDARD = gnu99;
				GCC_WARN_64_TO_32_BIT_CONVERSION = YES;
				GCC_WARN_ABOUT_RETURN_TYPE = YES_ERROR;
				GCC_WARN_UNDECLARED_SELECTOR = YES;
				GCC_WARN_UNINITIALIZED_AUTOS = YES_AGGRESSIVE;
				GCC_WARN_UNUSED_FUNCTION = YES;
				GCC_WARN_UNUSED_VARIABLE = YES;
				IPHONEOS_DEPLOYMENT_TARGET = 7.1;
				SDKROOT = iphoneos;
				VALIDATE_PRODUCT = YES;
			};
			name = Release;
		};
		D53CEFAA191175CE00974568 /* Debug */ = {
			isa = XCBuildConfiguration;
			buildSettings = {
				ASSETCATALOG_COMPILER_APPICON_NAME = AppIcon;
				ASSETCATALOG_COMPILER_LAUNCHIMAGE_NAME = LaunchImage;
				CODE_SIGN_IDENTITY = "iPhone Developer";
				GCC_PRECOMPILE_PREFIX_HEADER = YES;
				GCC_PREFIX_HEADER = "HomePageExample/KnightTime-Prefix.pch";
				INFOPLIST_FILE = "HomePageExample/KnightTime-Info.plist";
				PRODUCT_NAME = KnightTime;
				WRAPPER_EXTENSION = app;
			};
			name = Debug;
		};
		D53CEFAB191175CE00974568 /* Release */ = {
			isa = XCBuildConfiguration;
			buildSettings = {
				ASSETCATALOG_COMPILER_APPICON_NAME = AppIcon;
				ASSETCATALOG_COMPILER_LAUNCHIMAGE_NAME = LaunchImage;
				CODE_SIGN_IDENTITY = "iPhone Developer";
				GCC_PRECOMPILE_PREFIX_HEADER = YES;
				GCC_PREFIX_HEADER = "HomePageExample/KnightTime-Prefix.pch";
				INFOPLIST_FILE = "HomePageExample/KnightTime-Info.plist";
				PRODUCT_NAME = KnightTime;
				WRAPPER_EXTENSION = app;
			};
			name = Release;
		};
		D53CEFAD191175CE00974568 /* Debug */ = {
			isa = XCBuildConfiguration;
			buildSettings = {
				BUNDLE_LOADER = "$(BUILT_PRODUCTS_DIR)/HomePageExample.app/HomePageExample";
				FRAMEWORK_SEARCH_PATHS = (
					"$(SDKROOT)/Developer/Library/Frameworks",
					"$(inherited)",
					"$(DEVELOPER_FRAMEWORKS_DIR)",
				);
				GCC_PRECOMPILE_PREFIX_HEADER = YES;
				GCC_PREFIX_HEADER = "HomePageExample/HomePageExample-Prefix.pch";
				GCC_PREPROCESSOR_DEFINITIONS = (
					"DEBUG=1",
					"$(inherited)",
				);
				INFOPLIST_FILE = "HomePageExampleTests/KnightTimeTests-Info.plist";
				PRODUCT_NAME = KnightTimeTests;
				TEST_HOST = "$(BUNDLE_LOADER)";
				WRAPPER_EXTENSION = xctest;
			};
			name = Debug;
		};
		D53CEFAE191175CE00974568 /* Release */ = {
			isa = XCBuildConfiguration;
			buildSettings = {
				BUNDLE_LOADER = "$(BUILT_PRODUCTS_DIR)/HomePageExample.app/HomePageExample";
				FRAMEWORK_SEARCH_PATHS = (
					"$(SDKROOT)/Developer/Library/Frameworks",
					"$(inherited)",
					"$(DEVELOPER_FRAMEWORKS_DIR)",
				);
				GCC_PRECOMPILE_PREFIX_HEADER = YES;
				GCC_PREFIX_HEADER = "HomePageExample/HomePageExample-Prefix.pch";
				INFOPLIST_FILE = "HomePageExampleTests/KnightTimeTests-Info.plist";
				PRODUCT_NAME = KnightTimeTests;
				TEST_HOST = "$(BUNDLE_LOADER)";
				WRAPPER_EXTENSION = xctest;
			};
			name = Release;
		};
/* End XCBuildConfiguration section */

/* Begin XCConfigurationList section */
		D53CEF72191175CD00974568 /* Build configuration list for PBXProject "KnightTime" */ = {
			isa = XCConfigurationList;
			buildConfigurations = (
				D53CEFA7191175CE00974568 /* Debug */,
				D53CEFA8191175CE00974568 /* Release */,
			);
			defaultConfigurationIsVisible = 0;
			defaultConfigurationName = Release;
		};
		D53CEFA9191175CE00974568 /* Build configuration list for PBXNativeTarget "KnightTime" */ = {
			isa = XCConfigurationList;
			buildConfigurations = (
				D53CEFAA191175CE00974568 /* Debug */,
				D53CEFAB191175CE00974568 /* Release */,
			);
			defaultConfigurationIsVisible = 0;
			defaultConfigurationName = Release;
		};
		D53CEFAC191175CE00974568 /* Build configuration list for PBXNativeTarget "KnightTimeTests" */ = {
			isa = XCConfigurationList;
			buildConfigurations = (
				D53CEFAD191175CE00974568 /* Debug */,
				D53CEFAE191175CE00974568 /* Release */,
			);
			defaultConfigurationIsVisible = 0;
			defaultConfigurationName = Release;
		};
/* End XCConfigurationList section */
	};
	rootObject = D53CEF6F191175CD00974568 /* Project object */;
}
